
Microsoft Visual Studio Solution File, Format Version 12.00
# Visual Studio 15
VisualStudioVersion = 15.0.26430.12
MinimumVisualStudioVersion = 10.0.40219.1
Project("{FAE04EC0-301F-11D3-BF4B-00C04F79EFBC}") = "web", "web\web.csproj", "{37A7DC7D-3DCE-4A37-8BC6-5F5D96C7F594}"
EndProject
Project("{FAE04EC0-301F-11D3-BF4B-00C04F79EFBC}") = "CRMC.Domain", "CRMC.Domain\CRMC.Domain.csproj", "{7C3C91D5-8B09-45E9-9A13-1B7B7553AD1C}"
EndProject
Project("{FAE04EC0-301F-11D3-BF4B-00C04F79EFBC}") = "CRMC.DataAccess", "CRMC.DataAccess\CRMC.DataAccess.csproj", "{CCF65580-4278-4A23-9BA2-BCF193CEF2A4}"
EndProject
Project("{FAE04EC0-301F-11D3-BF4B-00C04F79EFBC}") = "wot", "wot\wot.csproj", "{C481BFF4-87C4-4C29-8E73-2FEB46A3F59E}"
EndProject
Project("{FAE04EC0-301F-11D3-BF4B-00C04F79EFBC}") = "TestHarness", "TestHarness\TestHarness.csproj", "{99D9B93D-AC63-4F80-BA06-38B100D25D20}"
EndProject
Project("{FAE04EC0-301F-11D3-BF4B-00C04F79EFBC}") = "kiosk", "kiosk\kiosk.csproj", "{1A89BF93-3CF5-41A1-8519-B4FEBDB202BE}"
EndProject
Global
	GlobalSection(SolutionConfigurationPlatforms) = preSolution
		Debug|Any CPU = Debug|Any CPU
		Release|Any CPU = Release|Any CPU
	EndGlobalSection
	GlobalSection(ProjectConfigurationPlatforms) = postSolution
		{37A7DC7D-3DCE-4A37-8BC6-5F5D96C7F594}.Debug|Any CPU.ActiveCfg = Debug|Any CPU
		{37A7DC7D-3DCE-4A37-8BC6-5F5D96C7F594}.Debug|Any CPU.Build.0 = Debug|Any CPU
		{37A7DC7D-3DCE-4A37-8BC6-5F5D96C7F594}.Release|Any CPU.ActiveCfg = Release|Any CPU
		{37A7DC7D-3DCE-4A37-8BC6-5F5D96C7F594}.Release|Any CPU.Build.0 = Release|Any CPU
		{7C3C91D5-8B09-45E9-9A13-1B7B7553AD1C}.Debug|Any CPU.ActiveCfg = Debug|Any CPU
		{7C3C91D5-8B09-45E9-9A13-1B7B7553AD1C}.Debug|Any CPU.Build.0 = Debug|Any CPU
		{7C3C91D5-8B09-45E9-9A13-1B7B7553AD1C}.Release|Any CPU.ActiveCfg = Release|Any CPU
		{7C3C91D5-8B09-45E9-9A13-1B7B7553AD1C}.Release|Any CPU.Build.0 = Release|Any CPU
		{CCF65580-4278-4A23-9BA2-BCF193CEF2A4}.Debug|Any CPU.ActiveCfg = Debug|Any CPU
		{CCF65580-4278-4A23-9BA2-BCF193CEF2A4}.Debug|Any CPU.Build.0 = Debug|Any CPU
		{CCF65580-4278-4A23-9BA2-BCF193CEF2A4}.Release|Any CPU.ActiveCfg = Release|Any CPU
		{CCF65580-4278-4A23-9BA2-BCF193CEF2A4}.Release|Any CPU.Build.0 = Release|Any CPU
		{C481BFF4-87C4-4C29-8E73-2FEB46A3F59E}.Debug|Any CPU.ActiveCfg = Debug|Any CPU
		{C481BFF4-87C4-4C29-8E73-2FEB46A3F59E}.Debug|Any CPU.Build.0 = Debug|Any CPU
		{C481BFF4-87C4-4C29-8E73-2FEB46A3F59E}.Release|Any CPU.ActiveCfg = Release|Any CPU
		{C481BFF4-87C4-4C29-8E73-2FEB46A3F59E}.Release|Any CPU.Build.0 = Release|Any CPU
		{99D9B93D-AC63-4F80-BA06-38B100D25D20}.Debug|Any CPU.ActiveCfg = Debug|Any CPU
		{99D9B93D-AC63-4F80-BA06-38B100D25D20}.Debug|Any CPU.Build.0 = Debug|Any CPU
		{99D9B93D-AC63-4F80-BA06-38B100D25D20}.Release|Any CPU.ActiveCfg = Release|Any CPU
		{99D9B93D-AC63-4F80-BA06-38B100D25D20}.Release|Any CPU.Build.0 = Release|Any CPU
		{1A89BF93-3CF5-41A1-8519-B4FEBDB202BE}.Debug|Any CPU.ActiveCfg = Debug|Any CPU
		{1A89BF93-3CF5-41A1-8519-B4FEBDB202BE}.Debug|Any CPU.Build.0 = Debug|Any CPU
		{1A89BF93-3CF5-41A1-8519-B4FEBDB202BE}.Release|Any CPU.ActiveCfg = Release|Any CPU
		{1A89BF93-3CF5-41A1-8519-B4FEBDB202BE}.Release|Any CPU.Build.0 = Release|Any CPU
	EndGlobalSection
	GlobalSection(SolutionProperties) = preSolution
		HideSolutionNode = FALSE
	EndGlobalSection
EndGlobal
